
Microsoft Visual Studio Solution File, Format Version 12.00
# Visual Studio Version 17
VisualStudioVersion = 17.7.34221.43
MinimumVisualStudioVersion = 10.0.40219.1
Project("{9A19103F-16F7-4668-BE54-9A1E7A4F7556}") = "OgrenciTakip", "OgrenciTakip\OgrenciTakip.csproj", "{5A3FD822-CBAA-4D32-B49D-9013734E67B0}"
EndProject
Project("{2150E333-8FDC-42A3-9474-1A3956D46DE8}") = "Solution Items", "Solution Items", "{293AE22F-6C34-4C30-8B9E-08F7506D8405}"
	ProjectSection(SolutionItems) = preProject
		.editorconfig = .editorconfig
	EndProjectSection
EndProject
Global
	GlobalSection(SolutionConfigurationPlatforms) = preSolution
		Debug|Any CPU = Debug|Any CPU
		Release|Any CPU = Release|Any CPU
	EndGlobalSection
	GlobalSection(ProjectConfigurationPlatforms) = postSolution
		{5A3FD822-CBAA-4D32-B49D-9013734E67B0}.Debug|Any CPU.ActiveCfg = Debug|Any CPU
		{5A3FD822-CBAA-4D32-B49D-9013734E67B0}.Debug|Any CPU.Build.0 = Debug|Any CPU
		{5A3FD822-CBAA-4D32-B49D-9013734E67B0}.Release|Any CPU.ActiveCfg = Release|Any CPU
		{5A3FD822-CBAA-4D32-B49D-9013734E67B0}.Release|Any CPU.Build.0 = Release|Any CPU
	EndGlobalSection
	GlobalSection(SolutionProperties) = preSolution
		HideSolutionNode = FALSE
	EndGlobalSection
	GlobalSection(ExtensibilityGlobals) = postSolution
		SolutionGuid = {226809C9-DCD3-4730-BDB1-51178FF8F137}
	EndGlobalSection
EndGlobal
